
Microsoft Visual Studio Solution File, Format Version 12.00
# Visual Studio Version 17
VisualStudioVersion = 17.5.33627.172
MinimumVisualStudioVersion = 10.0.40219.1
Project("{FAE04EC0-301F-11D3-BF4B-00C04F79EFBC}") = "Tickets.API", "Tickets.API\Tickets.API.csproj", "{484808BF-0F02-453E-88EB-FE1E9DC61880}"
EndProject
Global
	GlobalSection(SolutionConfigurationPlatforms) = preSolution
		Debug|Any CPU = Debug|Any CPU
		Release|Any CPU = Release|Any CPU
	EndGlobalSection
	GlobalSection(ProjectConfigurationPlatforms) = postSolution
		{484808BF-0F02-453E-88EB-FE1E9DC61880}.Debug|Any CPU.ActiveCfg = Debug|Any CPU
		{484808BF-0F02-453E-88EB-FE1E9DC61880}.Debug|Any CPU.Build.0 = Debug|Any CPU
		{484808BF-0F02-453E-88EB-FE1E9DC61880}.Release|Any CPU.ActiveCfg = Release|Any CPU
		{484808BF-0F02-453E-88EB-FE1E9DC61880}.Release|Any CPU.Build.0 = Release|Any CPU
	EndGlobalSection
	GlobalSection(SolutionProperties) = preSolution
		HideSolutionNode = FALSE
	EndGlobalSection
	GlobalSection(ExtensibilityGlobals) = postSolution
		SolutionGuid = {F8D7F89F-B249-4F2C-ACF8-F54070C43B1C}
	EndGlobalSection
EndGlobal
